// !$*UTF8*$!
{
	archiveVersion = 1;
	classes = {
	};
	objectVersion = 46;
	objects = {

/* Begin PBXBuildFile section */
		3B57C78E1EADD15F00ED028A /* NotifyViewController.swift in Sources */ = {isa = PBXBuildFile; fileRef = 3B57C78D1EADD15F00ED028A /* NotifyViewController.swift */; };
		3B6A4CFB1EAC05BB0024D44A /* ControlPiViewController.swift in Sources */ = {isa = PBXBuildFile; fileRef = 3B6A4CFA1EAC05BB0024D44A /* ControlPiViewController.swift */; };
		3B71943E1E95BC450049E841 /* DownloadViewController.swift in Sources */ = {isa = PBXBuildFile; fileRef = 3B71943B1E95BC450049E841 /* DownloadViewController.swift */; };
		3B71943F1E95BC450049E841 /* Constants.swift in Sources */ = {isa = PBXBuildFile; fileRef = 3B71943C1E95BC450049E841 /* Constants.swift */; };
		3B7194401E95BC450049E841 /* UploadViewController.swift in Sources */ = {isa = PBXBuildFile; fileRef = 3B71943D1E95BC450049E841 /* UploadViewController.swift */; };
		3BB182151E92CB5D0060360B /* ViewController.swift in Sources */ = {isa = PBXBuildFile; fileRef = 3BB182141E92CB5D0060360B /* ViewController.swift */; };
		3BBFED821E2775ED00299828 /* AppDelegate.swift in Sources */ = {isa = PBXBuildFile; fileRef = 3BBFED811E2775ED00299828 /* AppDelegate.swift */; };
		3BBFED871E2775ED00299828 /* Main.storyboard in Resources */ = {isa = PBXBuildFile; fileRef = 3BBFED851E2775ED00299828 /* Main.storyboard */; };
		3BBFED891E2775ED00299828 /* Assets.xcassets in Resources */ = {isa = PBXBuildFile; fileRef = 3BBFED881E2775ED00299828 /* Assets.xcassets */; };
		3BBFED8C1E2775ED00299828 /* LaunchScreen.storyboard in Resources */ = {isa = PBXBuildFile; fileRef = 3BBFED8A1E2775ED00299828 /* LaunchScreen.storyboard */; };
		3BBFED971E2775ED00299828 /* SmartHomeiOSTests.swift in Sources */ = {isa = PBXBuildFile; fileRef = 3BBFED961E2775ED00299828 /* SmartHomeiOSTests.swift */; };
		3BBFEDA21E2775ED00299828 /* SmartHomeiOSUITests.swift in Sources */ = {isa = PBXBuildFile; fileRef = 3BBFEDA11E2775ED00299828 /* SmartHomeiOSUITests.swift */; };
		3BBFEDB01E277AB800299828 /* ResetPasswordViewController.swift in Sources */ = {isa = PBXBuildFile; fileRef = 3BBFEDAF1E277AB800299828 /* ResetPasswordViewController.swift */; };
		3BBFEDB41E277AD400299828 /* LoginViewController.swift in Sources */ = {isa = PBXBuildFile; fileRef = 3BBFEDB11E277AD400299828 /* LoginViewController.swift */; };
		3BBFEDB51E277AD400299828 /* HomeViewController.swift in Sources */ = {isa = PBXBuildFile; fileRef = 3BBFEDB21E277AD400299828 /* HomeViewController.swift */; };
		3BBFEDB61E277AD400299828 /* SignUpViewController.swift in Sources */ = {isa = PBXBuildFile; fileRef = 3BBFEDB31E277AD400299828 /* SignUpViewController.swift */; };
		3BBFEDBA1E278A5400299828 /* GoogleService-Info.plist in Resources */ = {isa = PBXBuildFile; fileRef = 3BBFEDB91E278A5300299828 /* GoogleService-Info.plist */; };
		3BD9C1E01E8A07E400830A26 /* GeotificationsViewController.swift in Sources */ = {isa = PBXBuildFile; fileRef = 3BD9C1DC1E8A07E400830A26 /* GeotificationsViewController.swift */; };
		3BD9C1E11E8A07E400830A26 /* Utilities.swift in Sources */ = {isa = PBXBuildFile; fileRef = 3BD9C1DD1E8A07E400830A26 /* Utilities.swift */; };
		3BD9C1E21E8A07E400830A26 /* Geotification.swift in Sources */ = {isa = PBXBuildFile; fileRef = 3BD9C1DE1E8A07E400830A26 /* Geotification.swift */; };
		3BD9C1E31E8A07E400830A26 /* AddGeotificationViewController.swift in Sources */ = {isa = PBXBuildFile; fileRef = 3BD9C1DF1E8A07E400830A26 /* AddGeotificationViewController.swift */; };
		3BD9C1EF1E8A13AA00830A26 /* Images.xcassets in Resources */ = {isa = PBXBuildFile; fileRef = 3BD9C1EE1E8A13AA00830A26 /* Images.xcassets */; };
		9FD7732026CC06F3C8CB8886 /* Pods_SmartHomeiOS.framework in Frameworks */ = {isa = PBXBuildFile; fileRef = 4153E39ED85AE68515ADE6E7 /* Pods_SmartHomeiOS.framework */; };
/* End PBXBuildFile section */

/* Begin PBXContainerItemProxy section */
		3BBFED931E2775ED00299828 /* PBXContainerItemProxy */ = {
			isa = PBXContainerItemProxy;
			containerPortal = 3BBFED761E2775ED00299828 /* Project object */;
			proxyType = 1;
			remoteGlobalIDString = 3BBFED7D1E2775ED00299828;
			remoteInfo = SmartHomeiOS;
		};
		3BBFED9E1E2775ED00299828 /* PBXContainerItemProxy */ = {
			isa = PBXContainerItemProxy;
			containerPortal = 3BBFED761E2775ED00299828 /* Project object */;
			proxyType = 1;
			remoteGlobalIDString = 3BBFED7D1E2775ED00299828;
			remoteInfo = SmartHomeiOS;
		};
/* End PBXContainerItemProxy section */

/* Begin PBXFileReference section */
		147622AEE810C55008FDE350 /* Pods-SmartHomeiOS.debug.xcconfig */ = {isa = PBXFileReference; includeInIndex = 1; lastKnownFileType = text.xcconfig; name = "Pods-SmartHomeiOS.debug.xcconfig"; path = "Pods/Target Support Files/Pods-SmartHomeiOS/Pods-SmartHomeiOS.debug.xcconfig"; sourceTree = "<group>"; };
		3B57C78D1EADD15F00ED028A /* NotifyViewController.swift */ = {isa = PBXFileReference; fileEncoding = 4; lastKnownFileType = sourcecode.swift; path = NotifyViewController.swift; sourceTree = "<group>"; };
		3B6A4CFA1EAC05BB0024D44A /* ControlPiViewController.swift */ = {isa = PBXFileReference; fileEncoding = 4; lastKnownFileType = sourcecode.swift; path = ControlPiViewController.swift; sourceTree = "<group>"; };
		3B71943B1E95BC450049E841 /* DownloadViewController.swift */ = {isa = PBXFileReference; fileEncoding = 4; lastKnownFileType = sourcecode.swift; path = DownloadViewController.swift; sourceTree = "<group>"; };
		3B71943C1E95BC450049E841 /* Constants.swift */ = {isa = PBXFileReference; fileEncoding = 4; lastKnownFileType = sourcecode.swift; path = Constants.swift; sourceTree = "<group>"; };
		3B71943D1E95BC450049E841 /* UploadViewController.swift */ = {isa = PBXFileReference; fileEncoding = 4; lastKnownFileType = sourcecode.swift; path = UploadViewController.swift; sourceTree = "<group>"; };
		3BB182141E92CB5D0060360B /* ViewController.swift */ = {isa = PBXFileReference; fileEncoding = 4; lastKnownFileType = sourcecode.swift; path = ViewController.swift; sourceTree = "<group>"; };
		3BBFED7E1E2775ED00299828 /* SmartHomeiOS.app */ = {isa = PBXFileReference; explicitFileType = wrapper.application; includeInIndex = 0; path = SmartHomeiOS.app; sourceTree = BUILT_PRODUCTS_DIR; };
		3BBFED811E2775ED00299828 /* AppDelegate.swift */ = {isa = PBXFileReference; lastKnownFileType = sourcecode.swift; path = AppDelegate.swift; sourceTree = "<group>"; };
		3BBFED861E2775ED00299828 /* Base */ = {isa = PBXFileReference; lastKnownFileType = file.storyboard; name = Base; path = Base.lproj/Main.storyboard; sourceTree = "<group>"; };
		3BBFED881E2775ED00299828 /* Assets.xcassets */ = {isa = PBXFileReference; lastKnownFileType = folder.assetcatalog; path = Assets.xcassets; sourceTree = "<group>"; };
		3BBFED8B1E2775ED00299828 /* Base */ = {isa = PBXFileReference; lastKnownFileType = file.storyboard; name = Base; path = Base.lproj/LaunchScreen.storyboard; sourceTree = "<group>"; };
		3BBFED8D1E2775ED00299828 /* Info.plist */ = {isa = PBXFileReference; lastKnownFileType = text.plist.xml; path = Info.plist; sourceTree = "<group>"; };
		3BBFED921E2775ED00299828 /* SmartHomeiOSTests.xctest */ = {isa = PBXFileReference; explicitFileType = wrapper.cfbundle; includeInIndex = 0; path = SmartHomeiOSTests.xctest; sourceTree = BUILT_PRODUCTS_DIR; };
		3BBFED961E2775ED00299828 /* SmartHomeiOSTests.swift */ = {isa = PBXFileReference; lastKnownFileType = sourcecode.swift; path = SmartHomeiOSTests.swift; sourceTree = "<group>"; };
		3BBFED981E2775ED00299828 /* Info.plist */ = {isa = PBXFileReference; lastKnownFileType = text.plist.xml; path = Info.plist; sourceTree = "<group>"; };
		3BBFED9D1E2775ED00299828 /* SmartHomeiOSUITests.xctest */ = {isa = PBXFileReference; explicitFileType = wrapper.cfbundle; includeInIndex = 0; path = SmartHomeiOSUITests.xctest; sourceTree = BUILT_PRODUCTS_DIR; };
		3BBFEDA11E2775ED00299828 /* SmartHomeiOSUITests.swift */ = {isa = PBXFileReference; lastKnownFileType = sourcecode.swift; path = SmartHomeiOSUITests.swift; sourceTree = "<group>"; };
		3BBFEDA31E2775ED00299828 /* Info.plist */ = {isa = PBXFileReference; lastKnownFileType = text.plist.xml; path = Info.plist; sourceTree = "<group>"; };
		3BBFEDAF1E277AB800299828 /* ResetPasswordViewController.swift */ = {isa = PBXFileReference; fileEncoding = 4; lastKnownFileType = sourcecode.swift; path = ResetPasswordViewController.swift; sourceTree = "<group>"; };
		3BBFEDB11E277AD400299828 /* LoginViewController.swift */ = {isa = PBXFileReference; fileEncoding = 4; lastKnownFileType = sourcecode.swift; path = LoginViewController.swift; sourceTree = "<group>"; };
		3BBFEDB21E277AD400299828 /* HomeViewController.swift */ = {isa = PBXFileReference; fileEncoding = 4; lastKnownFileType = sourcecode.swift; path = HomeViewController.swift; sourceTree = "<group>"; };
		3BBFEDB31E277AD400299828 /* SignUpViewController.swift */ = {isa = PBXFileReference; fileEncoding = 4; lastKnownFileType = sourcecode.swift; path = SignUpViewController.swift; sourceTree = "<group>"; };
		3BBFEDB91E278A5300299828 /* GoogleService-Info.plist */ = {isa = PBXFileReference; fileEncoding = 4; lastKnownFileType = text.plist.xml; path = "GoogleService-Info.plist"; sourceTree = "<group>"; };
		3BD9C1DC1E8A07E400830A26 /* GeotificationsViewController.swift */ = {isa = PBXFileReference; fileEncoding = 4; lastKnownFileType = sourcecode.swift; path = GeotificationsViewController.swift; sourceTree = "<group>"; };
		3BD9C1DD1E8A07E400830A26 /* Utilities.swift */ = {isa = PBXFileReference; fileEncoding = 4; lastKnownFileType = sourcecode.swift; path = Utilities.swift; sourceTree = "<group>"; };
		3BD9C1DE1E8A07E400830A26 /* Geotification.swift */ = {isa = PBXFileReference; fileEncoding = 4; lastKnownFileType = sourcecode.swift; path = Geotification.swift; sourceTree = "<group>"; };
		3BD9C1DF1E8A07E400830A26 /* AddGeotificationViewController.swift */ = {isa = PBXFileReference; fileEncoding = 4; lastKnownFileType = sourcecode.swift; path = AddGeotificationViewController.swift; sourceTree = "<group>"; };
		3BD9C1EE1E8A13AA00830A26 /* Images.xcassets */ = {isa = PBXFileReference; lastKnownFileType = folder.assetcatalog; path = Images.xcassets; sourceTree = "<group>"; };
		4153E39ED85AE68515ADE6E7 /* Pods_SmartHomeiOS.framework */ = {isa = PBXFileReference; explicitFileType = wrapper.framework; includeInIndex = 0; path = Pods_SmartHomeiOS.framework; sourceTree = BUILT_PRODUCTS_DIR; };
		FD503FA0F5F8F288C2FEBEFA /* Pods-SmartHomeiOS.release.xcconfig */ = {isa = PBXFileReference; includeInIndex = 1; lastKnownFileType = text.xcconfig; name = "Pods-SmartHomeiOS.release.xcconfig"; path = "Pods/Target Support Files/Pods-SmartHomeiOS/Pods-SmartHomeiOS.release.xcconfig"; sourceTree = "<group>"; };
/* End PBXFileReference section */

/* Begin PBXFrameworksBuildPhase section */
		3BBFED7B1E2775ED00299828 /* Frameworks */ = {
			isa = PBXFrameworksBuildPhase;
			buildActionMask = 2147483647;
			files = (
				9FD7732026CC06F3C8CB8886 /* Pods_SmartHomeiOS.framework in Frameworks */,
			);
			runOnlyForDeploymentPostprocessing = 0;
		};
		3BBFED8F1E2775ED00299828 /* Frameworks */ = {
			isa = PBXFrameworksBuildPhase;
			buildActionMask = 2147483647;
			files = (
			);
			runOnlyForDeploymentPostprocessing = 0;
		};
		3BBFED9A1E2775ED00299828 /* Frameworks */ = {
			isa = PBXFrameworksBuildPhase;
			buildActionMask = 2147483647;
			files = (
			);
			runOnlyForDeploymentPostprocessing = 0;
		};
/* End PBXFrameworksBuildPhase section */

/* Begin PBXGroup section */
		3BBFED751E2775ED00299828 = {
			isa = PBXGroup;
			children = (
				3BBFED801E2775ED00299828 /* SmartHomeiOS */,
				3BBFED951E2775ED00299828 /* SmartHomeiOSTests */,
				3BBFEDA01E2775ED00299828 /* SmartHomeiOSUITests */,
				3BBFED7F1E2775ED00299828 /* Products */,
				B809B9145536218501D018FF /* Pods */,
				869287A0A3D05786A88145F7 /* Frameworks */,
			);
			sourceTree = "<group>";
		};
		3BBFED7F1E2775ED00299828 /* Products */ = {
			isa = PBXGroup;
			children = (
				3BBFED7E1E2775ED00299828 /* SmartHomeiOS.app */,
				3BBFED921E2775ED00299828 /* SmartHomeiOSTests.xctest */,
				3BBFED9D1E2775ED00299828 /* SmartHomeiOSUITests.xctest */,
			);
			name = Products;
			sourceTree = "<group>";
		};
		3BBFED801E2775ED00299828 /* SmartHomeiOS */ = {
			isa = PBXGroup;
			children = (
				3B71943B1E95BC450049E841 /* DownloadViewController.swift */,
				3B71943C1E95BC450049E841 /* Constants.swift */,
				3B71943D1E95BC450049E841 /* UploadViewController.swift */,
				3BB182141E92CB5D0060360B /* ViewController.swift */,
				3B6A4CFA1EAC05BB0024D44A /* ControlPiViewController.swift */,
				3BD9C1EE1E8A13AA00830A26 /* Images.xcassets */,
				3BD477911E9619AC0083F0E9 /* GeoLocation */,
				3BD4778F1E9619150083F0E9 /* Firebase */,
				3BBFED811E2775ED00299828 /* AppDelegate.swift */,
				3BBFED851E2775ED00299828 /* Main.storyboard */,
				3BBFED881E2775ED00299828 /* Assets.xcassets */,
				3BBFED8A1E2775ED00299828 /* LaunchScreen.storyboard */,
				3BBFED8D1E2775ED00299828 /* Info.plist */,
				3B57C78D1EADD15F00ED028A /* NotifyViewController.swift */,
			);
			path = SmartHomeiOS;
			sourceTree = "<group>";
		};
		3BBFED951E2775ED00299828 /* SmartHomeiOSTests */ = {
			isa = PBXGroup;
			children = (
				3BBFED961E2775ED00299828 /* SmartHomeiOSTests.swift */,
				3BBFED981E2775ED00299828 /* Info.plist */,
			);
			path = SmartHomeiOSTests;
			sourceTree = "<group>";
		};
		3BBFEDA01E2775ED00299828 /* SmartHomeiOSUITests */ = {
			isa = PBXGroup;
			children = (
				3BBFEDA11E2775ED00299828 /* SmartHomeiOSUITests.swift */,
				3BBFEDA31E2775ED00299828 /* Info.plist */,
			);
			path = SmartHomeiOSUITests;
			sourceTree = "<group>";
		};
		3BD4778F1E9619150083F0E9 /* Firebase */ = {
			isa = PBXGroup;
			children = (
				3BBFEDB11E277AD400299828 /* LoginViewController.swift */,
				3BBFEDB21E277AD400299828 /* HomeViewController.swift */,
				3BBFEDB31E277AD400299828 /* SignUpViewController.swift */,
				3BBFEDAF1E277AB800299828 /* ResetPasswordViewController.swift */,
			);
			name = Firebase;
			sourceTree = "<group>";
		};
		3BD477911E9619AC0083F0E9 /* GeoLocation */ = {
			isa = PBXGroup;
			children = (
				3BD9C1DC1E8A07E400830A26 /* GeotificationsViewController.swift */,
				3BD9C1DD1E8A07E400830A26 /* Utilities.swift */,
				3BD9C1DE1E8A07E400830A26 /* Geotification.swift */,
				3BD9C1DF1E8A07E400830A26 /* AddGeotificationViewController.swift */,
				3BBFEDB91E278A5300299828 /* GoogleService-Info.plist */,
			);
			name = GeoLocation;
			sourceTree = "<group>";
		};
		869287A0A3D05786A88145F7 /* Frameworks */ = {
			isa = PBXGroup;
			children = (
				4153E39ED85AE68515ADE6E7 /* Pods_SmartHomeiOS.framework */,
			);
			name = Frameworks;
			sourceTree = "<group>";
		};
		B809B9145536218501D018FF /* Pods */ = {
			isa = PBXGroup;
			children = (
				147622AEE810C55008FDE350 /* Pods-SmartHomeiOS.debug.xcconfig */,
				FD503FA0F5F8F288C2FEBEFA /* Pods-SmartHomeiOS.release.xcconfig */,
			);
			name = Pods;
			sourceTree = "<group>";
		};
/* End PBXGroup section */

/* Begin PBXNativeTarget section */
		3BBFED7D1E2775ED00299828 /* SmartHomeiOS */ = {
			isa = PBXNativeTarget;
			buildConfigurationList = 3BBFEDA61E2775ED00299828 /* Build configuration list for PBXNativeTarget "SmartHomeiOS" */;
			buildPhases = (
				36AE07C72E4D609D3C0ED922 /* [CP] Check Pods Manifest.lock */,
				3BBFED7A1E2775ED00299828 /* Sources */,
				3BBFED7B1E2775ED00299828 /* Frameworks */,
				3BBFED7C1E2775ED00299828 /* Resources */,
				063EAC9FCD13DAAD7C46857E /* [CP] Embed Pods Frameworks */,
				F69BB6312486F3B8224090D4 /* [CP] Copy Pods Resources */,
			);
			buildRules = (
			);
			dependencies = (
			);
			name = SmartHomeiOS;
			productName = SmartHomeiOS;
			productReference = 3BBFED7E1E2775ED00299828 /* SmartHomeiOS.app */;
			productType = "com.apple.product-type.application";
		};
		3BBFED911E2775ED00299828 /* SmartHomeiOSTests */ = {
			isa = PBXNativeTarget;
			buildConfigurationList = 3BBFEDA91E2775ED00299828 /* Build configuration list for PBXNativeTarget "SmartHomeiOSTests" */;
			buildPhases = (
				3BBFED8E1E2775ED00299828 /* Sources */,
				3BBFED8F1E2775ED00299828 /* Frameworks */,
				3BBFED901E2775ED00299828 /* Resources */,
			);
			buildRules = (
			);
			dependencies = (
				3BBFED941E2775ED00299828 /* PBXTargetDependency */,
			);
			name = SmartHomeiOSTests;
			productName = SmartHomeiOSTests;
			productReference = 3BBFED921E2775ED00299828 /* SmartHomeiOSTests.xctest */;
			productType = "com.apple.product-type.bundle.unit-test";
		};
		3BBFED9C1E2775ED00299828 /* SmartHomeiOSUITests */ = {
			isa = PBXNativeTarget;
			buildConfigurationList = 3BBFEDAC1E2775ED00299828 /* Build configuration list for PBXNativeTarget "SmartHomeiOSUITests" */;
			buildPhases = (
				3BBFED991E2775ED00299828 /* Sources */,
				3BBFED9A1E2775ED00299828 /* Frameworks */,
				3BBFED9B1E2775ED00299828 /* Resources */,
			);
			buildRules = (
			);
			dependencies = (
				3BBFED9F1E2775ED00299828 /* PBXTargetDependency */,
			);
			name = SmartHomeiOSUITests;
			productName = SmartHomeiOSUITests;
			productReference = 3BBFED9D1E2775ED00299828 /* SmartHomeiOSUITests.xctest */;
			productType = "com.apple.product-type.bundle.ui-testing";
		};
/* End PBXNativeTarget section */

/* Begin PBXProject section */
		3BBFED761E2775ED00299828 /* Project object */ = {
			isa = PBXProject;
			attributes = {
				LastSwiftUpdateCheck = 0820;
				LastUpgradeCheck = 0820;
				ORGANIZATIONNAME = "Sukhjot Bassi";
				TargetAttributes = {
					3BBFED7D1E2775ED00299828 = {
						CreatedOnToolsVersion = 8.2.1;
						DevelopmentTeam = X2S37LT7PQ;
						ProvisioningStyle = Automatic;
					};
					3BBFED911E2775ED00299828 = {
						CreatedOnToolsVersion = 8.2.1;
						DevelopmentTeam = X2S37LT7PQ;
						ProvisioningStyle = Automatic;
						TestTargetID = 3BBFED7D1E2775ED00299828;
					};
					3BBFED9C1E2775ED00299828 = {
						CreatedOnToolsVersion = 8.2.1;
						DevelopmentTeam = X2S37LT7PQ;
						ProvisioningStyle = Automatic;
						TestTargetID = 3BBFED7D1E2775ED00299828;
					};
				};
			};
			buildConfigurationList = 3BBFED791E2775ED00299828 /* Build configuration list for PBXProject "SmartHomeiOS" */;
			compatibilityVersion = "Xcode 3.2";
			developmentRegion = English;
			hasScannedForEncodings = 0;
			knownRegions = (
				en,
				Base,
			);
			mainGroup = 3BBFED751E2775ED00299828;
			productRefGroup = 3BBFED7F1E2775ED00299828 /* Products */;
			projectDirPath = "";
			projectRoot = "";
			targets = (
				3BBFED7D1E2775ED00299828 /* SmartHomeiOS */,
				3BBFED911E2775ED00299828 /* SmartHomeiOSTests */,
				3BBFED9C1E2775ED00299828 /* SmartHomeiOSUITests */,
			);
		};
/* End PBXProject section */

/* Begin PBXResourcesBuildPhase section */
		3BBFED7C1E2775ED00299828 /* Resources */ = {
			isa = PBXResourcesBuildPhase;
			buildActionMask = 2147483647;
			files = (
				3BBFED8C1E2775ED00299828 /* LaunchScreen.storyboard in Resources */,
				3BD9C1EF1E8A13AA00830A26 /* Images.xcassets in Resources */,
				3BBFEDBA1E278A5400299828 /* GoogleService-Info.plist in Resources */,
				3BBFED891E2775ED00299828 /* Assets.xcassets in Resources */,
				3BBFED871E2775ED00299828 /* Main.storyboard in Resources */,
			);
			runOnlyForDeploymentPostprocessing = 0;
		};
		3BBFED901E2775ED00299828 /* Resources */ = {
			isa = PBXResourcesBuildPhase;
			buildActionMask = 2147483647;
			files = (
			);
			runOnlyForDeploymentPostprocessing = 0;
		};
		3BBFED9B1E2775ED00299828 /* Resources */ = {
			isa = PBXResourcesBuildPhase;
			buildActionMask = 2147483647;
			files = (
			);
			runOnlyForDeploymentPostprocessing = 0;
		};
/* End PBXResourcesBuildPhase section */

/* Begin PBXShellScriptBuildPhase section */
		063EAC9FCD13DAAD7C46857E /* [CP] Embed Pods Frameworks */ = {
			isa = PBXShellScriptBuildPhase;
			buildActionMask = 2147483647;
			files = (
			);
			inputPaths = (
			);
			name = "[CP] Embed Pods Frameworks";
			outputPaths = (
			);
			runOnlyForDeploymentPostprocessing = 0;
			shellPath = /bin/sh;
			shellScript = "\"${SRCROOT}/Pods/Target Support Files/Pods-SmartHomeiOS/Pods-SmartHomeiOS-frameworks.sh\"\n";
			showEnvVarsInLog = 0;
		};
		36AE07C72E4D609D3C0ED922 /* [CP] Check Pods Manifest.lock */ = {
			isa = PBXShellScriptBuildPhase;
			buildActionMask = 2147483647;
			files = (
			);
			inputPaths = (
			);
			name = "[CP] Check Pods Manifest.lock";
			outputPaths = (
			);
			runOnlyForDeploymentPostprocessing = 0;
			shellPath = /bin/sh;
			shellScript = "diff \"${PODS_ROOT}/../Podfile.lock\" \"${PODS_ROOT}/Manifest.lock\" > /dev/null\nif [ $? != 0 ] ; then\n    # print error to STDERR\n    echo \"error: The sandbox is not in sync with the Podfile.lock. Run 'pod install' or update your CocoaPods installation.\" >&2\n    exit 1\nfi\n";
			showEnvVarsInLog = 0;
		};
		F69BB6312486F3B8224090D4 /* [CP] Copy Pods Resources */ = {
			isa = PBXShellScriptBuildPhase;
			buildActionMask = 2147483647;
			files = (
			);
			inputPaths = (
			);
			name = "[CP] Copy Pods Resources";
			outputPaths = (
			);
			runOnlyForDeploymentPostprocessing = 0;
			shellPath = /bin/sh;
			shellScript = "\"${SRCROOT}/Pods/Target Support Files/Pods-SmartHomeiOS/Pods-SmartHomeiOS-resources.sh\"\n";
			showEnvVarsInLog = 0;
		};
/* End PBXShellScriptBuildPhase section */

/* Begin PBXSourcesBuildPhase section */
		3BBFED7A1E2775ED00299828 /* Sources */ = {
			isa = PBXSourcesBuildPhase;
			buildActionMask = 2147483647;
			files = (
				3B7194401E95BC450049E841 /* UploadViewController.swift in Sources */,
				3B57C78E1EADD15F00ED028A /* NotifyViewController.swift in Sources */,
				3BB182151E92CB5D0060360B /* ViewController.swift in Sources */,
				3BD9C1E31E8A07E400830A26 /* AddGeotificationViewController.swift in Sources */,
				3BBFEDB61E277AD400299828 /* SignUpViewController.swift in Sources */,
				3BBFEDB51E277AD400299828 /* HomeViewController.swift in Sources */,
				3BD9C1E11E8A07E400830A26 /* Utilities.swift in Sources */,
				3BD9C1E21E8A07E400830A26 /* Geotification.swift in Sources */,
				3B6A4CFB1EAC05BB0024D44A /* ControlPiViewController.swift in Sources */,
				3BD9C1E01E8A07E400830A26 /* GeotificationsViewController.swift in Sources */,
				3B71943E1E95BC450049E841 /* DownloadViewController.swift in Sources */,
				3BBFEDB41E277AD400299828 /* LoginViewController.swift in Sources */,
				3BBFEDB01E277AB800299828 /* ResetPasswordViewController.swift in Sources */,
				3BBFED821E2775ED00299828 /* AppDelegate.swift in Sources */,
				3B71943F1E95BC450049E841 /* Constants.swift in Sources */,
			);
			runOnlyForDeploymentPostprocessing = 0;
		};
		3BBFED8E1E2775ED00299828 /* Sources */ = {
			isa = PBXSourcesBuildPhase;
			buildActionMask = 2147483647;
			files = (
				3BBFED971E2775ED00299828 /* SmartHomeiOSTests.swift in Sources */,
			);
			runOnlyForDeploymentPostprocessing = 0;
		};
		3BBFED991E2775ED00299828 /* Sources */ = {
			isa = PBXSourcesBuildPhase;
			buildActionMask = 2147483647;
			files = (
				3BBFEDA21E2775ED00299828 /* SmartHomeiOSUITests.swift in Sources */,
			);
			runOnlyForDeploymentPostprocessing = 0;
		};
/* End PBXSourcesBuildPhase section */

/* Begin PBXTargetDependency section */
		3BBFED941E2775ED00299828 /* PBXTargetDependency */ = {
			isa = PBXTargetDependency;
			target = 3BBFED7D1E2775ED00299828 /* SmartHomeiOS */;
			targetProxy = 3BBFED931E2775ED00299828 /* PBXContainerItemProxy */;
		};
		3BBFED9F1E2775ED00299828 /* PBXTargetDependency */ = {
			isa = PBXTargetDependency;
			target = 3BBFED7D1E2775ED00299828 /* SmartHomeiOS */;
			targetProxy = 3BBFED9E1E2775ED00299828 /* PBXContainerItemProxy */;
		};
/* End PBXTargetDependency section */

/* Begin PBXVariantGroup section */
		3BBFED851E2775ED00299828 /* Main.storyboard */ = {
			isa = PBXVariantGroup;
			children = (
				3BBFED861E2775ED00299828 /* Base */,
			);
			name = Main.storyboard;
			sourceTree = "<group>";
		};
		3BBFED8A1E2775ED00299828 /* LaunchScreen.storyboard */ = {
			isa = PBXVariantGroup;
			children = (
				3BBFED8B1E2775ED00299828 /* Base */,
			);
			name = LaunchScreen.storyboard;
			sourceTree = "<group>";
		};
/* End PBXVariantGroup section */

/* Begin XCBuildConfiguration section */
		3BBFEDA41E2775ED00299828 /* Debug */ = {
			isa = XCBuildConfiguration;
			buildSettings = {
				ALWAYS_SEARCH_USER_PATHS = NO;
				CLANG_ANALYZER_NONNULL = YES;
				CLANG_CXX_LANGUAGE_STANDARD = "gnu++0x";
				CLANG_CXX_LIBRARY = "libc++";
				CLANG_ENABLE_MODULES = YES;
				CLANG_ENABLE_OBJC_ARC = YES;
				CLANG_WARN_BOOL_CONVERSION = YES;
				CLANG_WARN_CONSTANT_CONVERSION = YES;
				CLANG_WARN_DIRECT_OBJC_ISA_USAGE = YES_ERROR;
				CLANG_WARN_DOCUMENTATION_COMMENTS = YES;
				CLANG_WARN_EMPTY_BODY = YES;
				CLANG_WARN_ENUM_CONVERSION = YES;
				CLANG_WARN_INFINITE_RECURSION = YES;
				CLANG_WARN_INT_CONVERSION = YES;
				CLANG_WARN_OBJC_ROOT_CLASS = YES_ERROR;
				CLANG_WARN_SUSPICIOUS_MOVE = YES;
				CLANG_WARN_UNREACHABLE_CODE = YES;
				CLANG_WARN__DUPLICATE_METHOD_MATCH = YES;
				"CODE_SIGN_IDENTITY[sdk=iphoneos*]" = "iPhone Developer";
				COPY_PHASE_STRIP = NO;
				DEBUG_INFORMATION_FORMAT = dwarf;
				ENABLE_STRICT_OBJC_MSGSEND = YES;
				ENABLE_TESTABILITY = YES;
				GCC_C_LANGUAGE_STANDARD = gnu99;
				GCC_DYNAMIC_NO_PIC = NO;
				GCC_NO_COMMON_BLOCKS = YES;
				GCC_OPTIMIZATION_LEVEL = 0;
				GCC_PREPROCESSOR_DEFINITIONS = (
					"DEBUG=1",
					"$(inherited)",
				);
				GCC_WARN_64_TO_32_BIT_CONVERSION = YES;
				GCC_WARN_ABOUT_RETURN_TYPE = YES_ERROR;
				GCC_WARN_UNDECLARED_SELECTOR = YES;
				GCC_WARN_UNINITIALIZED_AUTOS = YES_AGGRESSIVE;
				GCC_WARN_UNUSED_FUNCTION = YES;
				GCC_WARN_UNUSED_VARIABLE = YES;
				IPHONEOS_DEPLOYMENT_TARGET = 10.2;
				MTL_ENABLE_DEBUG_INFO = YES;
				ONLY_ACTIVE_ARCH = YES;
				SDKROOT = iphoneos;
				SWIFT_ACTIVE_COMPILATION_CONDITIONS = DEBUG;
				SWIFT_OPTIMIZATION_LEVEL = "-Onone";
				TARGETED_DEVICE_FAMILY = "1,2";
			};
			name = Debug;
		};
		3BBFEDA51E2775ED00299828 /* Release */ = {
			isa = XCBuildConfiguration;
			buildSettings = {
				ALWAYS_SEARCH_USER_PATHS = NO;
				CLANG_ANALYZER_NONNULL = YES;
				CLANG_CXX_LANGUAGE_STANDARD = "gnu++0x";
				CLANG_CXX_LIBRARY = "libc++";
				CLANG_ENABLE_MODULES = YES;
				CLANG_ENABLE_OBJC_ARC = YES;
				CLANG_WARN_BOOL_CONVERSION = YES;
				CLANG_WARN_CONSTANT_CONVERSION = YES;
				CLANG_WARN_DIRECT_OBJC_ISA_USAGE = YES_ERROR;
				CLANG_WARN_DOCUMENTATION_COMMENTS = YES;
				CLANG_WARN_EMPTY_BODY = YES;
				CLANG_WARN_ENUM_CONVERSION = YES;
				CLANG_WARN_INFINITE_RECURSION = YES;
				CLANG_WARN_INT_CONVERSION = YES;
				CLANG_WARN_OBJC_ROOT_CLASS = YES_ERROR;
				CLANG_WARN_SUSPICIOUS_MOVE = YES;
				CLANG_WARN_UNREACHABLE_CODE = YES;
				CLANG_WARN__DUPLICATE_METHOD_MATCH = YES;
				"CODE_SIGN_IDENTITY[sdk=iphoneos*]" = "iPhone Developer";
				COPY_PHASE_STRIP = NO;
				DEBUG_INFORMATION_FORMAT = "dwarf-with-dsym";
				ENABLE_NS_ASSERTIONS = NO;
				ENABLE_STRICT_OBJC_MSGSEND = YES;
				GCC_C_LANGUAGE_STANDARD = gnu99;
				GCC_NO_COMMON_BLOCKS = YES;
				GCC_WARN_64_TO_32_BIT_CONVERSION = YES;
				GCC_WARN_ABOUT_RETURN_TYPE = YES_ERROR;
				GCC_WARN_UNDECLARED_SELECTOR = YES;
				GCC_WARN_UNINITIALIZED_AUTOS = YES_AGGRESSIVE;
				GCC_WARN_UNUSED_FUNCTION = YES;
				GCC_WARN_UNUSED_VARIABLE = YES;
				IPHONEOS_DEPLOYMENT_TARGET = 10.2;
				MTL_ENABLE_DEBUG_INFO = NO;
				SDKROOT = iphoneos;
				SWIFT_OPTIMIZATION_LEVEL = "-Owholemodule";
				TARGETED_DEVICE_FAMILY = "1,2";
				VALIDATE_PRODUCT = YES;
			};
			name = Release;
		};
		3BBFEDA71E2775ED00299828 /* Debug */ = {
			isa = XCBuildConfiguration;
			baseConfigurationReference = 147622AEE810C55008FDE350 /* Pods-SmartHomeiOS.debug.xcconfig */;
			buildSettings = {
				ASSETCATALOG_COMPILER_APPICON_NAME = AppIcon;
				DEVELOPMENT_TEAM = X2S37LT7PQ;
				INFOPLIST_FILE = SmartHomeiOS/Info.plist;
				LD_RUNPATH_SEARCH_PATHS = "$(inherited) @executable_path/Frameworks";
				PRODUCT_BUNDLE_IDENTIFIER = CmpE195.SmartHomeiOS;
				PRODUCT_NAME = "$(TARGET_NAME)";
				SWIFT_VERSION = 3.0;
			};
			name = Debug;
		};
		3BBFEDA81E2775ED00299828 /* Release */ = {
			isa = XCBuildConfiguration;
			baseConfigurationReference = FD503FA0F5F8F288C2FEBEFA /* Pods-SmartHomeiOS.release.xcconfig */;
			buildSettings = {
				ASSETCATALOG_COMPILER_APPICON_NAME = AppIcon;
				DEVELOPMENT_TEAM = X2S37LT7PQ;
				INFOPLIST_FILE = SmartHomeiOS/Info.plist;
				LD_RUNPATH_SEARCH_PATHS = "$(inherited) @executable_path/Frameworks";
				PRODUCT_BUNDLE_IDENTIFIER = CmpE195.SmartHomeiOS;
				PRODUCT_NAME = "$(TARGET_NAME)";
				SWIFT_VERSION = 3.0;
			};
			name = Release;
		};
		3BBFEDAA1E2775ED00299828 /* Debug */ = {
			isa = XCBuildConfiguration;
			buildSettings = {
				ALWAYS_EMBED_SWIFT_STANDARD_LIBRARIES = YES;
				BUNDLE_LOADER = "$(TEST_HOST)";
				DEVELOPMENT_TEAM = X2S37LT7PQ;
				INFOPLIST_FILE = SmartHomeiOSTests/Info.plist;
				LD_RUNPATH_SEARCH_PATHS = "$(inherited) @executable_path/Frameworks @loader_path/Frameworks";
				PRODUCT_BUNDLE_IDENTIFIER = CmpE195.SmartHomeiOSTests;
				PRODUCT_NAME = "$(TARGET_NAME)";
				SWIFT_VERSION = 3.0;
				TEST_HOST = "$(BUILT_PRODUCTS_DIR)/SmartHomeiOS.app/SmartHomeiOS";
			};
			name = Debug;
		};
		3BBFEDAB1E2775ED00299828 /* Release */ = {
			isa = XCBuildConfiguration;
			buildSettings = {
				ALWAYS_EMBED_SWIFT_STANDARD_LIBRARIES = YES;
				BUNDLE_LOADER = "$(TEST_HOST)";
				DEVELOPMENT_TEAM = X2S37LT7PQ;
				INFOPLIST_FILE = SmartHomeiOSTests/Info.plist;
				LD_RUNPATH_SEARCH_PATHS = "$(inherited) @executable_path/Frameworks @loader_path/Frameworks";
				PRODUCT_BUNDLE_IDENTIFIER = CmpE195.SmartHomeiOSTests;
				PRODUCT_NAME = "$(TARGET_NAME)";
				SWIFT_VERSION = 3.0;
				TEST_HOST = "$(BUILT_PRODUCTS_DIR)/SmartHomeiOS.app/SmartHomeiOS";
			};
			name = Release;
		};
		3BBFEDAD1E2775ED00299828 /* Debug */ = {
			isa = XCBuildConfiguration;
			buildSettings = {
				ALWAYS_EMBED_SWIFT_STANDARD_LIBRARIES = YES;
				DEVELOPMENT_TEAM = X2S37LT7PQ;
				INFOPLIST_FILE = SmartHomeiOSUITests/Info.plist;
				LD_RUNPATH_SEARCH_PATHS = "$(inherited) @executable_path/Frameworks @loader_path/Frameworks";
				PRODUCT_BUNDLE_IDENTIFIER = CmpE195.SmartHomeiOSUITests;
				PRODUCT_NAME = "$(TARGET_NAME)";
				SWIFT_VERSION = 3.0;
				TEST_TARGET_NAME = SmartHomeiOS;
			};
			name = Debug;
		};
		3BBFEDAE1E2775ED00299828 /* Release */ = {
			isa = XCBuildConfiguration;
			buildSettings = {
				ALWAYS_EMBED_SWIFT_STANDARD_LIBRARIES = YES;
				DEVELOPMENT_TEAM = X2S37LT7PQ;
				INFOPLIST_FILE = SmartHomeiOSUITests/Info.plist;
				LD_RUNPATH_SEARCH_PATHS = "$(inherited) @executable_path/Frameworks @loader_path/Frameworks";
				PRODUCT_BUNDLE_IDENTIFIER = CmpE195.SmartHomeiOSUITests;
				PRODUCT_NAME = "$(TARGET_NAME)";
				SWIFT_VERSION = 3.0;
				TEST_TARGET_NAME = SmartHomeiOS;
			};
			name = Release;
		};
/* End XCBuildConfiguration section */

/* Begin XCConfigurationList section */
		3BBFED791E2775ED00299828 /* Build configuration list for PBXProject "SmartHomeiOS" */ = {
			isa = XCConfigurationList;
			buildConfigurations = (
				3BBFEDA41E2775ED00299828 /* Debug */,
				3BBFEDA51E2775ED00299828 /* Release */,
			);
			defaultConfigurationIsVisible = 0;
			defaultConfigurationName = Release;
		};
		3BBFEDA61E2775ED00299828 /* Build configuration list for PBXNativeTarget "SmartHomeiOS" */ = {
			isa = XCConfigurationList;
			buildConfigurations = (
				3BBFEDA71E2775ED00299828 /* Debug */,
				3BBFEDA81E2775ED00299828 /* Release */,
			);
			defaultConfigurationIsVisible = 0;
			defaultConfigurationName = Release;
		};
		3BBFEDA91E2775ED00299828 /* Build configuration list for PBXNativeTarget "SmartHomeiOSTests" */ = {
			isa = XCConfigurationList;
			buildConfigurations = (
				3BBFEDAA1E2775ED00299828 /* Debug */,
				3BBFEDAB1E2775ED00299828 /* Release */,
			);
			defaultConfigurationIsVisible = 0;
			defaultConfigurationName = Release;
		};
		3BBFEDAC1E2775ED00299828 /* Build configuration list for PBXNativeTarget "SmartHomeiOSUITests" */ = {
			isa = XCConfigurationList;
			buildConfigurations = (
				3BBFEDAD1E2775ED00299828 /* Debug */,
				3BBFEDAE1E2775ED00299828 /* Release */,
			);
			defaultConfigurationIsVisible = 0;
			defaultConfigurationName = Release;
		};
/* End XCConfigurationList section */
	};
	rootObject = 3BBFED761E2775ED00299828 /* Project object */;
}
